{
  "version": 4,
  "terraform_version": "0.12.14",
  "serial": 1,
  "lineage": "bf1ae347-755a-1ca0-2a8a-5448fc61248c",
  "outputs": {},
  "resources": [
    {
      "mode": "managed",
      "type": "aws_vpc",
      "name": "main",
      "provider": "provider.aws",
      "instances": [
        {
          "schema_version": 1,
          "attributes": {
            "arn": "arn:aws:ec2:ap-south-1:744635598136:vpc/vpc-0bbd65c0aad840e7f",
            "assign_generated_ipv6_cidr_block": false,
            "cidr_block": "10.1.0.0/16",
            "default_network_acl_id": "acl-084f4d6fb01fbdc2c",
            "default_route_table_id": "rtb-065fad0fb34a3b447",
            "default_security_group_id": "sg-0b92439d80f8f5948",
            "dhcp_options_id": "dopt-b106ffda",
            "enable_classiclink": null,
            "enable_classiclink_dns_support": null,
            "enable_dns_hostnames": false,
            "enable_dns_support": true,
            "id": "vpc-0bbd65c0aad840e7f",
            "instance_tenancy": "default",
            "ipv6_association_id": "",
            "ipv6_cidr_block": "",
            "main_route_table_id": "rtb-065fad0fb34a3b447",
            "owner_id": "744635598136",
            "tags": {
              "Environment": "prod",
              "Name": "myapp-vpc"
            }
          },
          "private": "eyJzY2hlbWFfdmVyc2lvbiI6IjEifQ=="
        }
      ]
    }
  ]
}
